
Microsoft Visual Studio Solution File, Format Version 11.00
# Visual Studio 2010
Project("{FAE04EC0-301F-11D3-BF4B-00C04F79EFBC}") = "Assembly-CSharp", "Assembly-CSharp.csproj", "{53457432-f637-a414-3442-b7fc6d5f79ff}"
EndProject
Project("{FAE04EC0-301F-11D3-BF4B-00C04F79EFBC}") = "Assembly-CSharp-Editor", "Assembly-CSharp-Editor.csproj", "{d0101030-a6d7-928d-90db-b8be77578a66}"
EndProject
Global
	GlobalSection(SolutionConfigurationPlatforms) = preSolution
		Debug|Any CPU = Debug|Any CPU
		Release|Any CPU = Release|Any CPU
	EndGlobalSection
	GlobalSection(ProjectConfigurationPlatforms) = postSolution
		{53457432-f637-a414-3442-b7fc6d5f79ff}.Debug|Any CPU.ActiveCfg = Debug|Any CPU
		{53457432-f637-a414-3442-b7fc6d5f79ff}.Debug|Any CPU.Build.0 = Debug|Any CPU
		{53457432-f637-a414-3442-b7fc6d5f79ff}.Release|Any CPU.ActiveCfg = Release|Any CPU
		{53457432-f637-a414-3442-b7fc6d5f79ff}.Release|Any CPU.Build.0 = Release|Any CPU
		{d0101030-a6d7-928d-90db-b8be77578a66}.Debug|Any CPU.ActiveCfg = Debug|Any CPU
		{d0101030-a6d7-928d-90db-b8be77578a66}.Debug|Any CPU.Build.0 = Debug|Any CPU
		{d0101030-a6d7-928d-90db-b8be77578a66}.Release|Any CPU.ActiveCfg = Release|Any CPU
		{d0101030-a6d7-928d-90db-b8be77578a66}.Release|Any CPU.Build.0 = Release|Any CPU
	EndGlobalSection
	GlobalSection(SolutionProperties) = preSolution
		HideSolutionNode = FALSE
	EndGlobalSection
EndGlobal
